// !$*UTF8*$!
{
	archiveVersion = 1;
	classes = {
	};
	objectVersion = 50;
	objects = {

/* Begin PBXBuildFile section */
		8524489720EDF0A100CF7649 /* Dictionary+Decodable.swift in Sources */ = {isa = PBXBuildFile; fileRef = 8524489620EDF0A100CF7649 /* Dictionary+Decodable.swift */; };
		8558C60C20E90B2900AB7B13 /* Dictionary+Helper.swift in Sources */ = {isa = PBXBuildFile; fileRef = 8558C60B20E90B2900AB7B13 /* Dictionary+Helper.swift */; };
		856813BC20E5D991005F9FA3 /* SuperCodable.framework in Frameworks */ = {isa = PBXBuildFile; fileRef = 856813B220E5D990005F9FA3 /* SuperCodable.framework */; };
		856813C120E5D991005F9FA3 /* DictionaryConvert.swift in Sources */ = {isa = PBXBuildFile; fileRef = 856813C020E5D991005F9FA3 /* DictionaryConvert.swift */; };
		856813C320E5D991005F9FA3 /* SuperCodable.h in Headers */ = {isa = PBXBuildFile; fileRef = 856813B520E5D990005F9FA3 /* SuperCodable.h */; settings = {ATTRIBUTES = (Public, ); }; };
		856813CF20E5DB7D005F9FA3 /* JSONConvert.swift in Sources */ = {isa = PBXBuildFile; fileRef = 856813CE20E5DB7D005F9FA3 /* JSONConvert.swift */; };
		8599EE7F20E9C63700E02806 /* ModelMappingTests.swift in Sources */ = {isa = PBXBuildFile; fileRef = 8599EE7E20E9C63700E02806 /* ModelMappingTests.swift */; };
		85DC7B4020E5E28800D82BB4 /* SuperCodableError.swift in Sources */ = {isa = PBXBuildFile; fileRef = 85DC7B3F20E5E28800D82BB4 /* SuperCodableError.swift */; };
		85DC7B4420E6079700D82BB4 /* DecodableValue.swift in Sources */ = {isa = PBXBuildFile; fileRef = 85DC7B4320E6079700D82BB4 /* DecodableValue.swift */; };
		85DC7B4620E6233E00D82BB4 /* DecodableValueTests.swift in Sources */ = {isa = PBXBuildFile; fileRef = 85DC7B4520E6233E00D82BB4 /* DecodableValueTests.swift */; };
		85DC7B4820E634D500D82BB4 /* DecodableValue+Value.swift in Sources */ = {isa = PBXBuildFile; fileRef = 85DC7B4720E634D500D82BB4 /* DecodableValue+Value.swift */; };
/* End PBXBuildFile section */

/* Begin PBXContainerItemProxy section */
		856813BD20E5D991005F9FA3 /* PBXContainerItemProxy */ = {
			isa = PBXContainerItemProxy;
			containerPortal = 856813A920E5D990005F9FA3 /* Project object */;
			proxyType = 1;
			remoteGlobalIDString = 856813B120E5D990005F9FA3;
			remoteInfo = SuperCodable;
		};
/* End PBXContainerItemProxy section */

/* Begin PBXFileReference section */
		8524489620EDF0A100CF7649 /* Dictionary+Decodable.swift */ = {isa = PBXFileReference; lastKnownFileType = sourcecode.swift; path = "Dictionary+Decodable.swift"; sourceTree = "<group>"; };
		8558C60B20E90B2900AB7B13 /* Dictionary+Helper.swift */ = {isa = PBXFileReference; lastKnownFileType = sourcecode.swift; path = "Dictionary+Helper.swift"; sourceTree = "<group>"; };
		856813B220E5D990005F9FA3 /* SuperCodable.framework */ = {isa = PBXFileReference; explicitFileType = wrapper.framework; includeInIndex = 0; path = SuperCodable.framework; sourceTree = BUILT_PRODUCTS_DIR; };
		856813B520E5D990005F9FA3 /* SuperCodable.h */ = {isa = PBXFileReference; lastKnownFileType = sourcecode.c.h; path = SuperCodable.h; sourceTree = "<group>"; };
		856813B620E5D990005F9FA3 /* Info.plist */ = {isa = PBXFileReference; lastKnownFileType = text.plist.xml; path = Info.plist; sourceTree = "<group>"; };
		856813BB20E5D991005F9FA3 /* SuperCodableTests.xctest */ = {isa = PBXFileReference; explicitFileType = wrapper.cfbundle; includeInIndex = 0; path = SuperCodableTests.xctest; sourceTree = BUILT_PRODUCTS_DIR; };
		856813C020E5D991005F9FA3 /* DictionaryConvert.swift */ = {isa = PBXFileReference; lastKnownFileType = sourcecode.swift; path = DictionaryConvert.swift; sourceTree = "<group>"; };
		856813C220E5D991005F9FA3 /* Info.plist */ = {isa = PBXFileReference; lastKnownFileType = text.plist.xml; path = Info.plist; sourceTree = "<group>"; };
		856813CE20E5DB7D005F9FA3 /* JSONConvert.swift */ = {isa = PBXFileReference; lastKnownFileType = sourcecode.swift; path = JSONConvert.swift; sourceTree = "<group>"; };
		8599EE7E20E9C63700E02806 /* ModelMappingTests.swift */ = {isa = PBXFileReference; lastKnownFileType = sourcecode.swift; path = ModelMappingTests.swift; sourceTree = "<group>"; };
		85DC7B3F20E5E28800D82BB4 /* SuperCodableError.swift */ = {isa = PBXFileReference; lastKnownFileType = sourcecode.swift; path = SuperCodableError.swift; sourceTree = "<group>"; };
		85DC7B4320E6079700D82BB4 /* DecodableValue.swift */ = {isa = PBXFileReference; lastKnownFileType = sourcecode.swift; path = DecodableValue.swift; sourceTree = "<group>"; };
		85DC7B4520E6233E00D82BB4 /* DecodableValueTests.swift */ = {isa = PBXFileReference; lastKnownFileType = sourcecode.swift; path = DecodableValueTests.swift; sourceTree = "<group>"; };
		85DC7B4720E634D500D82BB4 /* DecodableValue+Value.swift */ = {isa = PBXFileReference; lastKnownFileType = sourcecode.swift; path = "DecodableValue+Value.swift"; sourceTree = "<group>"; };
/* End PBXFileReference section */

/* Begin PBXFrameworksBuildPhase section */
		856813AE20E5D990005F9FA3 /* Frameworks */ = {
			isa = PBXFrameworksBuildPhase;
			buildActionMask = 2147483647;
			files = (
			);
			runOnlyForDeploymentPostprocessing = 0;
		};
		856813B820E5D991005F9FA3 /* Frameworks */ = {
			isa = PBXFrameworksBuildPhase;
			buildActionMask = 2147483647;
			files = (
				856813BC20E5D991005F9FA3 /* SuperCodable.framework in Frameworks */,
			);
			runOnlyForDeploymentPostprocessing = 0;
		};
/* End PBXFrameworksBuildPhase section */

/* Begin PBXGroup section */
		856813A820E5D990005F9FA3 = {
			isa = PBXGroup;
			children = (
				856813B420E5D990005F9FA3 /* SuperCodable */,
				856813BF20E5D991005F9FA3 /* SuperCodableTests */,
				856813B320E5D990005F9FA3 /* Products */,
			);
			sourceTree = "<group>";
		};
		856813B320E5D990005F9FA3 /* Products */ = {
			isa = PBXGroup;
			children = (
				856813B220E5D990005F9FA3 /* SuperCodable.framework */,
				856813BB20E5D991005F9FA3 /* SuperCodableTests.xctest */,
			);
			name = Products;
			sourceTree = "<group>";
		};
		856813B420E5D990005F9FA3 /* SuperCodable */ = {
			isa = PBXGroup;
			children = (
				856813B520E5D990005F9FA3 /* SuperCodable.h */,
				856813B620E5D990005F9FA3 /* Info.plist */,
				85DC7B3F20E5E28800D82BB4 /* SuperCodableError.swift */,
				85DC7B4320E6079700D82BB4 /* DecodableValue.swift */,
				85DC7B4720E634D500D82BB4 /* DecodableValue+Value.swift */,
				8558C60B20E90B2900AB7B13 /* Dictionary+Helper.swift */,
				8524489620EDF0A100CF7649 /* Dictionary+Decodable.swift */,
				856813CE20E5DB7D005F9FA3 /* JSONConvert.swift */,
			);
			path = SuperCodable;
			sourceTree = "<group>";
		};
		856813BF20E5D991005F9FA3 /* SuperCodableTests */ = {
			isa = PBXGroup;
			children = (
				856813C220E5D991005F9FA3 /* Info.plist */,
				856813C020E5D991005F9FA3 /* DictionaryConvert.swift */,
				85DC7B4520E6233E00D82BB4 /* DecodableValueTests.swift */,
				8599EE7E20E9C63700E02806 /* ModelMappingTests.swift */,
			);
			path = SuperCodableTests;
			sourceTree = "<group>";
		};
/* End PBXGroup section */

/* Begin PBXHeadersBuildPhase section */
		856813AF20E5D990005F9FA3 /* Headers */ = {
			isa = PBXHeadersBuildPhase;
			buildActionMask = 2147483647;
			files = (
				856813C320E5D991005F9FA3 /* SuperCodable.h in Headers */,
			);
			runOnlyForDeploymentPostprocessing = 0;
		};
/* End PBXHeadersBuildPhase section */

/* Begin PBXNativeTarget section */
		856813B120E5D990005F9FA3 /* SuperCodable */ = {
			isa = PBXNativeTarget;
			buildConfigurationList = 856813C620E5D991005F9FA3 /* Build configuration list for PBXNativeTarget "SuperCodable" */;
			buildPhases = (
				856813AD20E5D990005F9FA3 /* Sources */,
				856813AE20E5D990005F9FA3 /* Frameworks */,
				856813AF20E5D990005F9FA3 /* Headers */,
				856813B020E5D990005F9FA3 /* Resources */,
			);
			buildRules = (
			);
			dependencies = (
			);
			name = SuperCodable;
			productName = SuperCodable;
			productReference = 856813B220E5D990005F9FA3 /* SuperCodable.framework */;
			productType = "com.apple.product-type.framework";
		};
		856813BA20E5D991005F9FA3 /* SuperCodableTests */ = {
			isa = PBXNativeTarget;
			buildConfigurationList = 856813C920E5D991005F9FA3 /* Build configuration list for PBXNativeTarget "SuperCodableTests" */;
			buildPhases = (
				856813B720E5D991005F9FA3 /* Sources */,
				856813B820E5D991005F9FA3 /* Frameworks */,
				856813B920E5D991005F9FA3 /* Resources */,
			);
			buildRules = (
			);
			dependencies = (
				856813BE20E5D991005F9FA3 /* PBXTargetDependency */,
			);
			name = SuperCodableTests;
			productName = SuperCodableTests;
			productReference = 856813BB20E5D991005F9FA3 /* SuperCodableTests.xctest */;
			productType = "com.apple.product-type.bundle.unit-test";
		};
/* End PBXNativeTarget section */

/* Begin PBXProject section */
		856813A920E5D990005F9FA3 /* Project object */ = {
			isa = PBXProject;
			attributes = {
				LastSwiftUpdateCheck = 0940;
				LastUpgradeCheck = 0940;
				ORGANIZATIONNAME = kiwi;
				TargetAttributes = {
					856813B120E5D990005F9FA3 = {
						CreatedOnToolsVersion = 9.4;
						LastSwiftMigration = 0940;
					};
					856813BA20E5D991005F9FA3 = {
						CreatedOnToolsVersion = 9.4;
					};
				};
			};
			buildConfigurationList = 856813AC20E5D990005F9FA3 /* Build configuration list for PBXProject "SuperCodable" */;
			compatibilityVersion = "Xcode 9.3";
			developmentRegion = en;
			hasScannedForEncodings = 0;
			knownRegions = (
				en,
			);
			mainGroup = 856813A820E5D990005F9FA3;
			productRefGroup = 856813B320E5D990005F9FA3 /* Products */;
			projectDirPath = "";
			projectRoot = "";
			targets = (
				856813B120E5D990005F9FA3 /* SuperCodable */,
				856813BA20E5D991005F9FA3 /* SuperCodableTests */,
			);
		};
/* End PBXProject section */

/* Begin PBXResourcesBuildPhase section */
		856813B020E5D990005F9FA3 /* Resources */ = {
			isa = PBXResourcesBuildPhase;
			buildActionMask = 2147483647;
			files = (
			);
			runOnlyForDeploymentPostprocessing = 0;
		};
		856813B920E5D991005F9FA3 /* Resources */ = {
			isa = PBXResourcesBuildPhase;
			buildActionMask = 2147483647;
			files = (
			);
			runOnlyForDeploymentPostprocessing = 0;
		};
/* End PBXResourcesBuildPhase section */

/* Begin PBXSourcesBuildPhase section */
		856813AD20E5D990005F9FA3 /* Sources */ = {
			isa = PBXSourcesBuildPhase;
			buildActionMask = 2147483647;
			files = (
				85DC7B4420E6079700D82BB4 /* DecodableValue.swift in Sources */,
				8524489720EDF0A100CF7649 /* Dictionary+Decodable.swift in Sources */,
				856813CF20E5DB7D005F9FA3 /* JSONConvert.swift in Sources */,
				85DC7B4020E5E28800D82BB4 /* SuperCodableError.swift in Sources */,
				8558C60C20E90B2900AB7B13 /* Dictionary+Helper.swift in Sources */,
				85DC7B4820E634D500D82BB4 /* DecodableValue+Value.swift in Sources */,
			);
			runOnlyForDeploymentPostprocessing = 0;
		};
		856813B720E5D991005F9FA3 /* Sources */ = {
			isa = PBXSourcesBuildPhase;
			buildActionMask = 2147483647;
			files = (
				856813C120E5D991005F9FA3 /* DictionaryConvert.swift in Sources */,
				85DC7B4620E6233E00D82BB4 /* DecodableValueTests.swift in Sources */,
				8599EE7F20E9C63700E02806 /* ModelMappingTests.swift in Sources */,
			);
			runOnlyForDeploymentPostprocessing = 0;
		};
/* End PBXSourcesBuildPhase section */

/* Begin PBXTargetDependency section */
		856813BE20E5D991005F9FA3 /* PBXTargetDependency */ = {
			isa = PBXTargetDependency;
			target = 856813B120E5D990005F9FA3 /* SuperCodable */;
			targetProxy = 856813BD20E5D991005F9FA3 /* PBXContainerItemProxy */;
		};
/* End PBXTargetDependency section */

/* Begin XCBuildConfiguration section */
		856813C420E5D991005F9FA3 /* Debug */ = {
			isa = XCBuildConfiguration;
			buildSettings = {
				ALWAYS_SEARCH_USER_PATHS = NO;
				CLANG_ANALYZER_NONNULL = YES;
				CLANG_ANALYZER_NUMBER_OBJECT_CONVERSION = YES_AGGRESSIVE;
				CLANG_CXX_LANGUAGE_STANDARD = "gnu++14";
				CLANG_CXX_LIBRARY = "libc++";
				CLANG_ENABLE_MODULES = YES;
				CLANG_ENABLE_OBJC_ARC = YES;
				CLANG_ENABLE_OBJC_WEAK = YES;
				CLANG_WARN_BLOCK_CAPTURE_AUTORELEASING = YES;
				CLANG_WARN_BOOL_CONVERSION = YES;
				CLANG_WARN_COMMA = YES;
				CLANG_WARN_CONSTANT_CONVERSION = YES;
				CLANG_WARN_DEPRECATED_OBJC_IMPLEMENTATIONS = YES;
				CLANG_WARN_DIRECT_OBJC_ISA_USAGE = YES_ERROR;
				CLANG_WARN_DOCUMENTATION_COMMENTS = YES;
				CLANG_WARN_EMPTY_BODY = YES;
				CLANG_WARN_ENUM_CONVERSION = YES;
				CLANG_WARN_INFINITE_RECURSION = YES;
				CLANG_WARN_INT_CONVERSION = YES;
				CLANG_WARN_NON_LITERAL_NULL_CONVERSION = YES;
				CLANG_WARN_OBJC_IMPLICIT_RETAIN_SELF = YES;
				CLANG_WARN_OBJC_LITERAL_CONVERSION = YES;
				CLANG_WARN_OBJC_ROOT_CLASS = YES_ERROR;
				CLANG_WARN_RANGE_LOOP_ANALYSIS = YES;
				CLANG_WARN_STRICT_PROTOTYPES = YES;
				CLANG_WARN_SUSPICIOUS_MOVE = YES;
				CLANG_WARN_UNGUARDED_AVAILABILITY = YES_AGGRESSIVE;
				CLANG_WARN_UNREACHABLE_CODE = YES;
				CLANG_WARN__DUPLICATE_METHOD_MATCH = YES;
				CODE_SIGN_IDENTITY = "iPhone Developer";
				COPY_PHASE_STRIP = NO;
				CURRENT_PROJECT_VERSION = 1;
				DEBUG_INFORMATION_FORMAT = dwarf;
				ENABLE_STRICT_OBJC_MSGSEND = YES;
				ENABLE_TESTABILITY = YES;
				GCC_C_LANGUAGE_STANDARD = gnu11;
				GCC_DYNAMIC_NO_PIC = NO;
				GCC_NO_COMMON_BLOCKS = YES;
				GCC_OPTIMIZATION_LEVEL = 0;
				GCC_PREPROCESSOR_DEFINITIONS = (
					"DEBUG=1",
					"$(inherited)",
				);
				GCC_WARN_64_TO_32_BIT_CONVERSION = YES;
				GCC_WARN_ABOUT_RETURN_TYPE = YES_ERROR;
				GCC_WARN_UNDECLARED_SELECTOR = YES;
				GCC_WARN_UNINITIALIZED_AUTOS = YES_AGGRESSIVE;
				GCC_WARN_UNUSED_FUNCTION = YES;
				GCC_WARN_UNUSED_VARIABLE = YES;
				IPHONEOS_DEPLOYMENT_TARGET = 11.4;
				MTL_ENABLE_DEBUG_INFO = YES;
				ONLY_ACTIVE_ARCH = YES;
				SDKROOT = iphoneos;
				SWIFT_ACTIVE_COMPILATION_CONDITIONS = DEBUG;
				SWIFT_OPTIMIZATION_LEVEL = "-Onone";
				VERSIONING_SYSTEM = "apple-generic";
				VERSION_INFO_PREFIX = "";
			};
			name = Debug;
		};
		856813C520E5D991005F9FA3 /* Release */ = {
			isa = XCBuildConfiguration;
			buildSettings = {
				ALWAYS_SEARCH_USER_PATHS = NO;
				CLANG_ANALYZER_NONNULL = YES;
				CLANG_ANALYZER_NUMBER_OBJECT_CONVERSION = YES_AGGRESSIVE;
				CLANG_CXX_LANGUAGE_STANDARD = "gnu++14";
				CLANG_CXX_LIBRARY = "libc++";
				CLANG_ENABLE_MODULES = YES;
				CLANG_ENABLE_OBJC_ARC = YES;
				CLANG_ENABLE_OBJC_WEAK = YES;
				CLANG_WARN_BLOCK_CAPTURE_AUTORELEASING = YES;
				CLANG_WARN_BOOL_CONVERSION = YES;
				CLANG_WARN_COMMA = YES;
				CLANG_WARN_CONSTANT_CONVERSION = YES;
				CLANG_WARN_DEPRECATED_OBJC_IMPLEMENTATIONS = YES;
				CLANG_WARN_DIRECT_OBJC_ISA_USAGE = YES_ERROR;
				CLANG_WARN_DOCUMENTATION_COMMENTS = YES;
				CLANG_WARN_EMPTY_BODY = YES;
				CLANG_WARN_ENUM_CONVERSION = YES;
				CLANG_WARN_INFINITE_RECURSION = YES;
				CLANG_WARN_INT_CONVERSION = YES;
				CLANG_WARN_NON_LITERAL_NULL_CONVERSION = YES;
				CLANG_WARN_OBJC_IMPLICIT_RETAIN_SELF = YES;
				CLANG_WARN_OBJC_LITERAL_CONVERSION = YES;
				CLANG_WARN_OBJC_ROOT_CLASS = YES_ERROR;
				CLANG_WARN_RANGE_LOOP_ANALYSIS = YES;
				CLANG_WARN_STRICT_PROTOTYPES = YES;
				CLANG_WARN_SUSPICIOUS_MOVE = YES;
				CLANG_WARN_UNGUARDED_AVAILABILITY = YES_AGGRESSIVE;
				CLANG_WARN_UNREACHABLE_CODE = YES;
				CLANG_WARN__DUPLICATE_METHOD_MATCH = YES;
				CODE_SIGN_IDENTITY = "iPhone Developer";
				COPY_PHASE_STRIP = NO;
				CURRENT_PROJECT_VERSION = 1;
				DEBUG_INFORMATION_FORMAT = "dwarf-with-dsym";
				ENABLE_NS_ASSERTIONS = NO;
				ENABLE_STRICT_OBJC_MSGSEND = YES;
				GCC_C_LANGUAGE_STANDARD = gnu11;
				GCC_NO_COMMON_BLOCKS = YES;
				GCC_WARN_64_TO_32_BIT_CONVERSION = YES;
				GCC_WARN_ABOUT_RETURN_TYPE = YES_ERROR;
				GCC_WARN_UNDECLARED_SELECTOR = YES;
				GCC_WARN_UNINITIALIZED_AUTOS = YES_AGGRESSIVE;
				GCC_WARN_UNUSED_FUNCTION = YES;
				GCC_WARN_UNUSED_VARIABLE = YES;
				IPHONEOS_DEPLOYMENT_TARGET = 11.4;
				MTL_ENABLE_DEBUG_INFO = NO;
				SDKROOT = iphoneos;
				SWIFT_COMPILATION_MODE = wholemodule;
				SWIFT_OPTIMIZATION_LEVEL = "-O";
				VALIDATE_PRODUCT = YES;
				VERSIONING_SYSTEM = "apple-generic";
				VERSION_INFO_PREFIX = "";
			};
			name = Release;
		};
		856813C720E5D991005F9FA3 /* Debug */ = {
			isa = XCBuildConfiguration;
			buildSettings = {
				CLANG_ENABLE_MODULES = YES;
				CODE_SIGN_IDENTITY = "";
				CODE_SIGN_STYLE = Automatic;
				DEFINES_MODULE = YES;
				DEVELOPMENT_TEAM = D386W4TDPJ;
				DYLIB_COMPATIBILITY_VERSION = 1;
				DYLIB_CURRENT_VERSION = 1;
				DYLIB_INSTALL_NAME_BASE = "@rpath";
				INFOPLIST_FILE = SuperCodable/Info.plist;
				INSTALL_PATH = "$(LOCAL_LIBRARY_DIR)/Frameworks";
				IPHONEOS_DEPLOYMENT_TARGET = 8.0;
				LD_RUNPATH_SEARCH_PATHS = (
					"$(inherited)",
					"@executable_path/Frameworks",
					"@loader_path/Frameworks",
				);
				PRODUCT_BUNDLE_IDENTIFIER = KW.SuperCodable;
				PRODUCT_NAME = "$(TARGET_NAME:c99extidentifier)";
				SKIP_INSTALL = YES;
				SWIFT_OPTIMIZATION_LEVEL = "-Onone";
				SWIFT_VERSION = 4.0;
				TARGETED_DEVICE_FAMILY = "1,2";
			};
			name = Debug;
		};
		856813C820E5D991005F9FA3 /* Release */ = {
			isa = XCBuildConfiguration;
			buildSettings = {
				CLANG_ENABLE_MODULES = YES;
				CODE_SIGN_IDENTITY = "";
				CODE_SIGN_STYLE = Automatic;
				DEFINES_MODULE = YES;
				DEVELOPMENT_TEAM = D386W4TDPJ;
				DYLIB_COMPATIBILITY_VERSION = 1;
				DYLIB_CURRENT_VERSION = 1;
				DYLIB_INSTALL_NAME_BASE = "@rpath";
				INFOPLIST_FILE = SuperCodable/Info.plist;
				INSTALL_PATH = "$(LOCAL_LIBRARY_DIR)/Frameworks";
				IPHONEOS_DEPLOYMENT_TARGET = 8.0;
				LD_RUNPATH_SEARCH_PATHS = (
					"$(inherited)",
					"@executable_path/Frameworks",
					"@loader_path/Frameworks",
				);
				PRODUCT_BUNDLE_IDENTIFIER = KW.SuperCodable;
				PRODUCT_NAME = "$(TARGET_NAME:c99extidentifier)";
				SKIP_INSTALL = YES;
				SWIFT_VERSION = 4.0;
				TARGETED_DEVICE_FAMILY = "1,2";
			};
			name = Release;
		};
		856813CA20E5D991005F9FA3 /* Debug */ = {
			isa = XCBuildConfiguration;
			buildSettings = {
				ALWAYS_EMBED_SWIFT_STANDARD_LIBRARIES = YES;
				CODE_SIGN_STYLE = Automatic;
				DEVELOPMENT_TEAM = D386W4TDPJ;
				INFOPLIST_FILE = SuperCodableTests/Info.plist;
				LD_RUNPATH_SEARCH_PATHS = (
					"$(inherited)",
					"@executable_path/Frameworks",
					"@loader_path/Frameworks",
				);
				PRODUCT_BUNDLE_IDENTIFIER = KW.SuperCodableTests;
				PRODUCT_NAME = "$(TARGET_NAME)";
				SWIFT_VERSION = 4.0;
				TARGETED_DEVICE_FAMILY = "1,2";
			};
			name = Debug;
		};
		856813CB20E5D991005F9FA3 /* Release */ = {
			isa = XCBuildConfiguration;
			buildSettings = {
				ALWAYS_EMBED_SWIFT_STANDARD_LIBRARIES = YES;
				CODE_SIGN_STYLE = Automatic;
				DEVELOPMENT_TEAM = D386W4TDPJ;
				INFOPLIST_FILE = SuperCodableTests/Info.plist;
				LD_RUNPATH_SEARCH_PATHS = (
					"$(inherited)",
					"@executable_path/Frameworks",
					"@loader_path/Frameworks",
				);
				PRODUCT_BUNDLE_IDENTIFIER = KW.SuperCodableTests;
				PRODUCT_NAME = "$(TARGET_NAME)";
				SWIFT_VERSION = 4.0;
				TARGETED_DEVICE_FAMILY = "1,2";
			};
			name = Release;
		};
/* End XCBuildConfiguration section */

/* Begin XCConfigurationList section */
		856813AC20E5D990005F9FA3 /* Build configuration list for PBXProject "SuperCodable" */ = {
			isa = XCConfigurationList;
			buildConfigurations = (
				856813C420E5D991005F9FA3 /* Debug */,
				856813C520E5D991005F9FA3 /* Release */,
			);
			defaultConfigurationIsVisible = 0;
			defaultConfigurationName = Release;
		};
		856813C620E5D991005F9FA3 /* Build configuration list for PBXNativeTarget "SuperCodable" */ = {
			isa = XCConfigurationList;
			buildConfigurations = (
				856813C720E5D991005F9FA3 /* Debug */,
				856813C820E5D991005F9FA3 /* Release */,
			);
			defaultConfigurationIsVisible = 0;
			defaultConfigurationName = Release;
		};
		856813C920E5D991005F9FA3 /* Build configuration list for PBXNativeTarget "SuperCodableTests" */ = {
			isa = XCConfigurationList;
			buildConfigurations = (
				856813CA20E5D991005F9FA3 /* Debug */,
				856813CB20E5D991005F9FA3 /* Release */,
			);
			defaultConfigurationIsVisible = 0;
			defaultConfigurationName = Release;
		};
/* End XCConfigurationList section */
	};
	rootObject = 856813A920E5D990005F9FA3 /* Project object */;
}
